
Microsoft Visual Studio Solution File, Format Version 12.00
# Visual Studio Version 17
VisualStudioVersion = 17.0.32126.317
MinimumVisualStudioVersion = 10.0.40219.1
Project("{2150E333-8FDC-42A3-9474-1A3956D46DE8}") = "src", "src", "{3094C26E-6E79-4EEF-86D7-4DB5C8232E0F}"
EndProject
Project("{2150E333-8FDC-42A3-9474-1A3956D46DE8}") = "01-Domain", "01-Domain", "{CEEA4841-DD4A-45BA-BE76-F65A32B66412}"
EndProject
Project("{2150E333-8FDC-42A3-9474-1A3956D46DE8}") = "02-Infrastructures", "02-Infrastructures", "{7442866F-3722-4A96-958F-5BFBCBABD3B4}"
EndProject
Project("{2150E333-8FDC-42A3-9474-1A3956D46DE8}") = "03-EndPoints", "03-EndPoints", "{A908DD88-7119-43BF-BE86-915BCCC1FF6A}"
EndProject
Project("{2150E333-8FDC-42A3-9474-1A3956D46DE8}") = "Core", "Core", "{C7E851B2-40FD-4D81-92DB-07C09D1432CB}"
EndProject
Project("{2150E333-8FDC-42A3-9474-1A3956D46DE8}") = "ServicesLayer", "ServicesLayer", "{3AACC7BC-28C1-4C35-A0D8-BD4205C52A49}"
EndProject
Project("{9A19103F-16F7-4668-BE54-9A1E7A4F7556}") = "App.Domain.Core", "App.Domain.Core\App.Domain.Core.csproj", "{32F310DD-68C5-49C0-B976-B99A0C37E82E}"
EndProject
Project("{9A19103F-16F7-4668-BE54-9A1E7A4F7556}") = "App.Domain.AppServices", "App.Domain.AppServices\App.Domain.AppServices.csproj", "{3FD71485-168F-4389-9669-865C6700197B}"
EndProject
Project("{9A19103F-16F7-4668-BE54-9A1E7A4F7556}") = "App.Domain.Services", "App.Domain.Services\App.Domain.Services.csproj", "{0C63EE80-0380-4799-90C8-EED81A493D9E}"
EndProject
Project("{9A19103F-16F7-4668-BE54-9A1E7A4F7556}") = "App.Infrastructures.Repositories.EfCore", "App.Infrastructures.Repositories.EfCore\App.Infrastructures.Repositories.EfCore.csproj", "{1D3FF1C6-F317-4BF3-9F1E-AC6B6B7CEB95}"
EndProject
Project("{9A19103F-16F7-4668-BE54-9A1E7A4F7556}") = "App.Infrastructures.Database.SqlServer", "App.Infrastructures.Database.SqlServer\App.Infrastructures.Database.SqlServer.csproj", "{7BBA6C77-1326-4435-B82F-7701DEB426F8}"
EndProject
Project("{9A19103F-16F7-4668-BE54-9A1E7A4F7556}") = "App.EndPoints.Web.Mvc", "App.EndPoints.Web.Mvc\App.EndPoints.Web.Mvc.csproj", "{F49AEFE9-87FA-44CD-BFCC-7E25CA6ABD7B}"
EndProject
Project("{2150E333-8FDC-42A3-9474-1A3956D46DE8}") = "Utility", "Utility", "{D0E9FDAD-9C68-45B3-B34D-1BED32774EE2}"
EndProject
Project("{FAE04EC0-301F-11D3-BF4B-00C04F79EFBC}") = "Utility", "Utility\Utility.csproj", "{0FAEAA36-A926-4B81-969C-36FDF1557B8A}"
EndProject
Global
	GlobalSection(SolutionConfigurationPlatforms) = preSolution
		Debug|Any CPU = Debug|Any CPU
		Release|Any CPU = Release|Any CPU
	EndGlobalSection
	GlobalSection(ProjectConfigurationPlatforms) = postSolution
		{32F310DD-68C5-49C0-B976-B99A0C37E82E}.Debug|Any CPU.ActiveCfg = Debug|Any CPU
		{32F310DD-68C5-49C0-B976-B99A0C37E82E}.Debug|Any CPU.Build.0 = Debug|Any CPU
		{32F310DD-68C5-49C0-B976-B99A0C37E82E}.Release|Any CPU.ActiveCfg = Release|Any CPU
		{32F310DD-68C5-49C0-B976-B99A0C37E82E}.Release|Any CPU.Build.0 = Release|Any CPU
		{3FD71485-168F-4389-9669-865C6700197B}.Debug|Any CPU.ActiveCfg = Debug|Any CPU
		{3FD71485-168F-4389-9669-865C6700197B}.Debug|Any CPU.Build.0 = Debug|Any CPU
		{3FD71485-168F-4389-9669-865C6700197B}.Release|Any CPU.ActiveCfg = Release|Any CPU
		{3FD71485-168F-4389-9669-865C6700197B}.Release|Any CPU.Build.0 = Release|Any CPU
		{0C63EE80-0380-4799-90C8-EED81A493D9E}.Debug|Any CPU.ActiveCfg = Debug|Any CPU
		{0C63EE80-0380-4799-90C8-EED81A493D9E}.Debug|Any CPU.Build.0 = Debug|Any CPU
		{0C63EE80-0380-4799-90C8-EED81A493D9E}.Release|Any CPU.ActiveCfg = Release|Any CPU
		{0C63EE80-0380-4799-90C8-EED81A493D9E}.Release|Any CPU.Build.0 = Release|Any CPU
		{1D3FF1C6-F317-4BF3-9F1E-AC6B6B7CEB95}.Debug|Any CPU.ActiveCfg = Debug|Any CPU
		{1D3FF1C6-F317-4BF3-9F1E-AC6B6B7CEB95}.Debug|Any CPU.Build.0 = Debug|Any CPU
		{1D3FF1C6-F317-4BF3-9F1E-AC6B6B7CEB95}.Release|Any CPU.ActiveCfg = Release|Any CPU
		{1D3FF1C6-F317-4BF3-9F1E-AC6B6B7CEB95}.Release|Any CPU.Build.0 = Release|Any CPU
		{7BBA6C77-1326-4435-B82F-7701DEB426F8}.Debug|Any CPU.ActiveCfg = Debug|Any CPU
		{7BBA6C77-1326-4435-B82F-7701DEB426F8}.Debug|Any CPU.Build.0 = Debug|Any CPU
		{7BBA6C77-1326-4435-B82F-7701DEB426F8}.Release|Any CPU.ActiveCfg = Release|Any CPU
		{7BBA6C77-1326-4435-B82F-7701DEB426F8}.Release|Any CPU.Build.0 = Release|Any CPU
		{F49AEFE9-87FA-44CD-BFCC-7E25CA6ABD7B}.Debug|Any CPU.ActiveCfg = Debug|Any CPU
		{F49AEFE9-87FA-44CD-BFCC-7E25CA6ABD7B}.Debug|Any CPU.Build.0 = Debug|Any CPU
		{F49AEFE9-87FA-44CD-BFCC-7E25CA6ABD7B}.Release|Any CPU.ActiveCfg = Release|Any CPU
		{F49AEFE9-87FA-44CD-BFCC-7E25CA6ABD7B}.Release|Any CPU.Build.0 = Release|Any CPU
		{0FAEAA36-A926-4B81-969C-36FDF1557B8A}.Debug|Any CPU.ActiveCfg = Debug|Any CPU
		{0FAEAA36-A926-4B81-969C-36FDF1557B8A}.Debug|Any CPU.Build.0 = Debug|Any CPU
		{0FAEAA36-A926-4B81-969C-36FDF1557B8A}.Release|Any CPU.ActiveCfg = Release|Any CPU
		{0FAEAA36-A926-4B81-969C-36FDF1557B8A}.Release|Any CPU.Build.0 = Release|Any CPU
	EndGlobalSection
	GlobalSection(SolutionProperties) = preSolution
		HideSolutionNode = FALSE
	EndGlobalSection
	GlobalSection(NestedProjects) = preSolution
		{CEEA4841-DD4A-45BA-BE76-F65A32B66412} = {3094C26E-6E79-4EEF-86D7-4DB5C8232E0F}
		{7442866F-3722-4A96-958F-5BFBCBABD3B4} = {3094C26E-6E79-4EEF-86D7-4DB5C8232E0F}
		{A908DD88-7119-43BF-BE86-915BCCC1FF6A} = {3094C26E-6E79-4EEF-86D7-4DB5C8232E0F}
		{C7E851B2-40FD-4D81-92DB-07C09D1432CB} = {CEEA4841-DD4A-45BA-BE76-F65A32B66412}
		{3AACC7BC-28C1-4C35-A0D8-BD4205C52A49} = {CEEA4841-DD4A-45BA-BE76-F65A32B66412}
		{32F310DD-68C5-49C0-B976-B99A0C37E82E} = {C7E851B2-40FD-4D81-92DB-07C09D1432CB}
		{3FD71485-168F-4389-9669-865C6700197B} = {3AACC7BC-28C1-4C35-A0D8-BD4205C52A49}
		{0C63EE80-0380-4799-90C8-EED81A493D9E} = {3AACC7BC-28C1-4C35-A0D8-BD4205C52A49}
		{1D3FF1C6-F317-4BF3-9F1E-AC6B6B7CEB95} = {7442866F-3722-4A96-958F-5BFBCBABD3B4}
		{7BBA6C77-1326-4435-B82F-7701DEB426F8} = {7442866F-3722-4A96-958F-5BFBCBABD3B4}
		{F49AEFE9-87FA-44CD-BFCC-7E25CA6ABD7B} = {A908DD88-7119-43BF-BE86-915BCCC1FF6A}
		{D0E9FDAD-9C68-45B3-B34D-1BED32774EE2} = {3094C26E-6E79-4EEF-86D7-4DB5C8232E0F}
		{0FAEAA36-A926-4B81-969C-36FDF1557B8A} = {D0E9FDAD-9C68-45B3-B34D-1BED32774EE2}
	EndGlobalSection
	GlobalSection(ExtensibilityGlobals) = postSolution
		SolutionGuid = {D2E1D7F1-7CAD-41C1-BD58-C024ED71CF35}
	EndGlobalSection
EndGlobal
